// !$*UTF8*$!
{
	archiveVersion = 1;
	classes = {
	};
	objectVersion = 56;
	objects = {

/* Begin PBXBuildFile section */
		782FAEF82BD58D48009BE8BA /* AddEditAlarmView.swift in Sources */ = {isa = PBXBuildFile; fileRef = 782FAEF72BD58D48009BE8BA /* AddEditAlarmView.swift */; };
		782FAEFA2BD59FE2009BE8BA /* AlarmWheelView.swift in Sources */ = {isa = PBXBuildFile; fileRef = 782FAEF92BD59FE2009BE8BA /* AlarmWheelView.swift */; };
		7888D6172BD3410D00CFEC74 /* WoofyAlarmApp.swift in Sources */ = {isa = PBXBuildFile; fileRef = 7888D6162BD3410D00CFEC74 /* WoofyAlarmApp.swift */; };
		7888D6192BD3410D00CFEC74 /* MainAlarmView.swift in Sources */ = {isa = PBXBuildFile; fileRef = 7888D6182BD3410D00CFEC74 /* MainAlarmView.swift */; };
		7888D61B2BD3410F00CFEC74 /* Assets.xcassets in Resources */ = {isa = PBXBuildFile; fileRef = 7888D61A2BD3410F00CFEC74 /* Assets.xcassets */; };
		7888D61E2BD3410F00CFEC74 /* Preview Assets.xcassets in Resources */ = {isa = PBXBuildFile; fileRef = 7888D61D2BD3410F00CFEC74 /* Preview Assets.xcassets */; };
		7888D6302BD40D3900CFEC74 /* Localizable.xcstrings in Resources */ = {isa = PBXBuildFile; fileRef = 7888D62F2BD40D3900CFEC74 /* Localizable.xcstrings */; };
		7888D6362BD4405C00CFEC74 /* AlarmsView.swift in Sources */ = {isa = PBXBuildFile; fileRef = 7888D6352BD4405C00CFEC74 /* AlarmsView.swift */; };
		7888D6382BD450A700CFEC74 /* Assets.swift in Sources */ = {isa = PBXBuildFile; fileRef = 7888D6372BD450A700CFEC74 /* Assets.swift */; };
		7888D63A2BD4553600CFEC74 /* BedtimeView.swift in Sources */ = {isa = PBXBuildFile; fileRef = 7888D6392BD4553600CFEC74 /* BedtimeView.swift */; };
		7888D63C2BD455C300CFEC74 /* AlarmsListView.swift in Sources */ = {isa = PBXBuildFile; fileRef = 7888D63B2BD455C300CFEC74 /* AlarmsListView.swift */; };
		7888D63E2BD468D700CFEC74 /* EditLabelView.swift in Sources */ = {isa = PBXBuildFile; fileRef = 7888D63D2BD468D700CFEC74 /* EditLabelView.swift */; };
		7888D6402BD46C0E00CFEC74 /* AlarmItemView.swift in Sources */ = {isa = PBXBuildFile; fileRef = 7888D63F2BD46C0E00CFEC74 /* AlarmItemView.swift */; };
		7888D6422BD4817A00CFEC74 /* TimeDisplayViews.swift in Sources */ = {isa = PBXBuildFile; fileRef = 7888D6412BD4817A00CFEC74 /* TimeDisplayViews.swift */; };
		7888D6462BD4880200CFEC74 /* AlarmModel.swift in Sources */ = {isa = PBXBuildFile; fileRef = 7888D6452BD4880200CFEC74 /* AlarmModel.swift */; };
		7888D6482BD48BFF00CFEC74 /* ExtensionDate.swift in Sources */ = {isa = PBXBuildFile; fileRef = 7888D6472BD48BFF00CFEC74 /* ExtensionDate.swift */; };
/* End PBXBuildFile section */

/* Begin PBXFileReference section */
		782FAEF72BD58D48009BE8BA /* AddEditAlarmView.swift */ = {isa = PBXFileReference; lastKnownFileType = sourcecode.swift; path = AddEditAlarmView.swift; sourceTree = SOURCE_ROOT; };
		782FAEF92BD59FE2009BE8BA /* AlarmWheelView.swift */ = {isa = PBXFileReference; lastKnownFileType = sourcecode.swift; path = AlarmWheelView.swift; sourceTree = SOURCE_ROOT; };
		7888D6132BD3410D00CFEC74 /* WoofyAlarm.app */ = {isa = PBXFileReference; explicitFileType = wrapper.application; includeInIndex = 0; path = WoofyAlarm.app; sourceTree = BUILT_PRODUCTS_DIR; };
		7888D6162BD3410D00CFEC74 /* WoofyAlarmApp.swift */ = {isa = PBXFileReference; lastKnownFileType = sourcecode.swift; path = WoofyAlarmApp.swift; sourceTree = "<group>"; };
		7888D6182BD3410D00CFEC74 /* MainAlarmView.swift */ = {isa = PBXFileReference; lastKnownFileType = sourcecode.swift; path = MainAlarmView.swift; sourceTree = "<group>"; };
		7888D61A2BD3410F00CFEC74 /* Assets.xcassets */ = {isa = PBXFileReference; lastKnownFileType = folder.assetcatalog; path = Assets.xcassets; sourceTree = "<group>"; };
		7888D61D2BD3410F00CFEC74 /* Preview Assets.xcassets */ = {isa = PBXFileReference; lastKnownFileType = folder.assetcatalog; path = "Preview Assets.xcassets"; sourceTree = "<group>"; };
		7888D62F2BD40D3900CFEC74 /* Localizable.xcstrings */ = {isa = PBXFileReference; lastKnownFileType = text.json.xcstrings; path = Localizable.xcstrings; sourceTree = SOURCE_ROOT; };
		7888D6352BD4405C00CFEC74 /* AlarmsView.swift */ = {isa = PBXFileReference; lastKnownFileType = sourcecode.swift; name = AlarmsView.swift; path = WoofyAlarm/Views/AlarmsView.swift; sourceTree = SOURCE_ROOT; };
		7888D6372BD450A700CFEC74 /* Assets.swift */ = {isa = PBXFileReference; fileEncoding = 4; lastKnownFileType = sourcecode.swift; path = Assets.swift; sourceTree = "<group>"; };
		7888D6392BD4553600CFEC74 /* BedtimeView.swift */ = {isa = PBXFileReference; lastKnownFileType = sourcecode.swift; name = BedtimeView.swift; path = WoofyAlarm/Views/MainViews/BedtimeView.swift; sourceTree = SOURCE_ROOT; };
		7888D63B2BD455C300CFEC74 /* AlarmsListView.swift */ = {isa = PBXFileReference; lastKnownFileType = sourcecode.swift; name = AlarmsListView.swift; path = WoofyAlarm/Views/MainViews/AlarmsListView.swift; sourceTree = SOURCE_ROOT; };
		7888D63D2BD468D700CFEC74 /* EditLabelView.swift */ = {isa = PBXFileReference; lastKnownFileType = sourcecode.swift; path = EditLabelView.swift; sourceTree = SOURCE_ROOT; };
		7888D63F2BD46C0E00CFEC74 /* AlarmItemView.swift */ = {isa = PBXFileReference; lastKnownFileType = sourcecode.swift; path = AlarmItemView.swift; sourceTree = SOURCE_ROOT; };
		7888D6412BD4817A00CFEC74 /* TimeDisplayViews.swift */ = {isa = PBXFileReference; lastKnownFileType = sourcecode.swift; name = TimeDisplayViews.swift; path = WoofyAlarm/Views/SubViews/TimeDisplayViews.swift; sourceTree = SOURCE_ROOT; };
		7888D6452BD4880200CFEC74 /* AlarmModel.swift */ = {isa = PBXFileReference; lastKnownFileType = sourcecode.swift; name = AlarmModel.swift; path = WoofyAlarm/Views/SupportingViews/AlarmModel.swift; sourceTree = SOURCE_ROOT; };
		7888D6472BD48BFF00CFEC74 /* ExtensionDate.swift */ = {isa = PBXFileReference; lastKnownFileType = sourcecode.swift; path = ExtensionDate.swift; sourceTree = "<group>"; };
/* End PBXFileReference section */

/* Begin PBXFrameworksBuildPhase section */
		7888D6102BD3410D00CFEC74 /* Frameworks */ = {
			isa = PBXFrameworksBuildPhase;
			buildActionMask = 2147483647;
			files = (
			);
			runOnlyForDeploymentPostprocessing = 0;
		};
/* End PBXFrameworksBuildPhase section */

/* Begin PBXGroup section */
		7888D60A2BD3410D00CFEC74 = {
			isa = PBXGroup;
			children = (
				7888D6152BD3410D00CFEC74 /* WoofyAlarm */,
				7888D6142BD3410D00CFEC74 /* Products */,
			);
			sourceTree = "<group>";
		};
		7888D6142BD3410D00CFEC74 /* Products */ = {
			isa = PBXGroup;
			children = (
				7888D6132BD3410D00CFEC74 /* WoofyAlarm.app */,
			);
			name = Products;
			sourceTree = "<group>";
		};
		7888D6152BD3410D00CFEC74 /* WoofyAlarm */ = {
			isa = PBXGroup;
			children = (
				7888D62B2BD40C0E00CFEC74 /* Model */,
				7888D62A2BD40C0900CFEC74 /* ViewModel */,
				7888D6292BD40BFD00CFEC74 /* Views */,
				7888D6282BD40BF800CFEC74 /* Constants */,
				7888D6272BD40BF300CFEC74 /* Fonts */,
				7888D6262BD40BEB00CFEC74 /* TimeAndDate */,
				7888D6252BD40BE300CFEC74 /* LocalNotifications */,
				7888D6242BD40BDC00CFEC74 /* Sounds */,
				7888D6162BD3410D00CFEC74 /* WoofyAlarmApp.swift */,
				7888D61A2BD3410F00CFEC74 /* Assets.xcassets */,
				7888D61C2BD3410F00CFEC74 /* Preview Content */,
			);
			path = WoofyAlarm;
			sourceTree = "<group>";
		};
		7888D61C2BD3410F00CFEC74 /* Preview Content */ = {
			isa = PBXGroup;
			children = (
				7888D61D2BD3410F00CFEC74 /* Preview Assets.xcassets */,
			);
			path = "Preview Content";
			sourceTree = "<group>";
		};
		7888D6242BD40BDC00CFEC74 /* Sounds */ = {
			isa = PBXGroup;
			children = (
			);
			path = Sounds;
			sourceTree = "<group>";
		};
		7888D6252BD40BE300CFEC74 /* LocalNotifications */ = {
			isa = PBXGroup;
			children = (
			);
			path = LocalNotifications;
			sourceTree = "<group>";
		};
		7888D6262BD40BEB00CFEC74 /* TimeAndDate */ = {
			isa = PBXGroup;
			children = (
			);
			path = TimeAndDate;
			sourceTree = "<group>";
		};
		7888D6272BD40BF300CFEC74 /* Fonts */ = {
			isa = PBXGroup;
			children = (
			);
			path = Fonts;
			sourceTree = "<group>";
		};
		7888D6282BD40BF800CFEC74 /* Constants */ = {
			isa = PBXGroup;
			children = (
				7888D6372BD450A700CFEC74 /* Assets.swift */,
				7888D62F2BD40D3900CFEC74 /* Localizable.xcstrings */,
			);
			path = Constants;
			sourceTree = "<group>";
		};
		7888D6292BD40BFD00CFEC74 /* Views */ = {
			isa = PBXGroup;
			children = (
				7888D62E2BD40C2000CFEC74 /* SubViews */,
				7888D62D2BD40C1A00CFEC74 /* SupportingViews */,
				7888D62C2BD40C1300CFEC74 /* MainViews */,
			);
			path = Views;
			sourceTree = "<group>";
		};
		7888D62A2BD40C0900CFEC74 /* ViewModel */ = {
			isa = PBXGroup;
			children = (
			);
			path = ViewModel;
			sourceTree = "<group>";
		};
		7888D62B2BD40C0E00CFEC74 /* Model */ = {
			isa = PBXGroup;
			children = (
				7888D6452BD4880200CFEC74 /* AlarmModel.swift */,
				7888D6472BD48BFF00CFEC74 /* ExtensionDate.swift */,
			);
			path = Model;
			sourceTree = "<group>";
		};
		7888D62C2BD40C1300CFEC74 /* MainViews */ = {
			isa = PBXGroup;
			children = (
				7888D6352BD4405C00CFEC74 /* AlarmsView.swift */,
				7888D6182BD3410D00CFEC74 /* MainAlarmView.swift */,
			);
			path = MainViews;
			sourceTree = "<group>";
		};
		7888D62D2BD40C1A00CFEC74 /* SupportingViews */ = {
			isa = PBXGroup;
			children = (
				782FAEF92BD59FE2009BE8BA /* AlarmWheelView.swift */,
				7888D6412BD4817A00CFEC74 /* TimeDisplayViews.swift */,
				7888D63F2BD46C0E00CFEC74 /* AlarmItemView.swift */,
				7888D63D2BD468D700CFEC74 /* EditLabelView.swift */,
			);
			path = SupportingViews;
			sourceTree = "<group>";
		};
		7888D62E2BD40C2000CFEC74 /* SubViews */ = {
			isa = PBXGroup;
			children = (
				782FAEF72BD58D48009BE8BA /* AddEditAlarmView.swift */,
				7888D63B2BD455C300CFEC74 /* AlarmsListView.swift */,
				7888D6392BD4553600CFEC74 /* BedtimeView.swift */,
			);
			path = SubViews;
			sourceTree = "<group>";
		};
/* End PBXGroup section */

/* Begin PBXNativeTarget section */
		7888D6122BD3410D00CFEC74 /* WoofyAlarm */ = {
			isa = PBXNativeTarget;
			buildConfigurationList = 7888D6212BD3410F00CFEC74 /* Build configuration list for PBXNativeTarget "WoofyAlarm" */;
			buildPhases = (
				7888D60F2BD3410D00CFEC74 /* Sources */,
				7888D6102BD3410D00CFEC74 /* Frameworks */,
				7888D6112BD3410D00CFEC74 /* Resources */,
			);
			buildRules = (
			);
			dependencies = (
			);
			name = WoofyAlarm;
			productName = WoofyAlarm;
			productReference = 7888D6132BD3410D00CFEC74 /* WoofyAlarm.app */;
			productType = "com.apple.product-type.application";
		};
/* End PBXNativeTarget section */

/* Begin PBXProject section */
		7888D60B2BD3410D00CFEC74 /* Project object */ = {
			isa = PBXProject;
			attributes = {
				BuildIndependentTargetsInParallel = 1;
				LastSwiftUpdateCheck = 1530;
				LastUpgradeCheck = 1530;
				TargetAttributes = {
					7888D6122BD3410D00CFEC74 = {
						CreatedOnToolsVersion = 15.3;
					};
				};
			};
			buildConfigurationList = 7888D60E2BD3410D00CFEC74 /* Build configuration list for PBXProject "WoofyAlarm" */;
			compatibilityVersion = "Xcode 14.0";
			developmentRegion = en;
			hasScannedForEncodings = 0;
			knownRegions = (
				en,
				Base,
				es,
			);
			mainGroup = 7888D60A2BD3410D00CFEC74;
			productRefGroup = 7888D6142BD3410D00CFEC74 /* Products */;
			projectDirPath = "";
			projectRoot = "";
			targets = (
				7888D6122BD3410D00CFEC74 /* WoofyAlarm */,
			);
		};
/* End PBXProject section */

/* Begin PBXResourcesBuildPhase section */
		7888D6112BD3410D00CFEC74 /* Resources */ = {
			isa = PBXResourcesBuildPhase;
			buildActionMask = 2147483647;
			files = (
				7888D61E2BD3410F00CFEC74 /* Preview Assets.xcassets in Resources */,
				7888D61B2BD3410F00CFEC74 /* Assets.xcassets in Resources */,
				7888D6302BD40D3900CFEC74 /* Localizable.xcstrings in Resources */,
			);
			runOnlyForDeploymentPostprocessing = 0;
		};
/* End PBXResourcesBuildPhase section */

/* Begin PBXSourcesBuildPhase section */
		7888D60F2BD3410D00CFEC74 /* Sources */ = {
			isa = PBXSourcesBuildPhase;
			buildActionMask = 2147483647;
			files = (
				7888D63E2BD468D700CFEC74 /* EditLabelView.swift in Sources */,
				7888D6482BD48BFF00CFEC74 /* ExtensionDate.swift in Sources */,
				782FAEF82BD58D48009BE8BA /* AddEditAlarmView.swift in Sources */,
				7888D63A2BD4553600CFEC74 /* BedtimeView.swift in Sources */,
				7888D6192BD3410D00CFEC74 /* MainAlarmView.swift in Sources */,
				7888D6362BD4405C00CFEC74 /* AlarmsView.swift in Sources */,
				7888D6382BD450A700CFEC74 /* Assets.swift in Sources */,
				7888D6462BD4880200CFEC74 /* AlarmModel.swift in Sources */,
				7888D6402BD46C0E00CFEC74 /* AlarmItemView.swift in Sources */,
				7888D6422BD4817A00CFEC74 /* TimeDisplayViews.swift in Sources */,
				7888D63C2BD455C300CFEC74 /* AlarmsListView.swift in Sources */,
				782FAEFA2BD59FE2009BE8BA /* AlarmWheelView.swift in Sources */,
				7888D6172BD3410D00CFEC74 /* WoofyAlarmApp.swift in Sources */,
			);
			runOnlyForDeploymentPostprocessing = 0;
		};
/* End PBXSourcesBuildPhase section */

/* Begin XCBuildConfiguration section */
		7888D61F2BD3410F00CFEC74 /* Debug */ = {
			isa = XCBuildConfiguration;
			buildSettings = {
				ALWAYS_SEARCH_USER_PATHS = NO;
				ASSETCATALOG_COMPILER_GENERATE_SWIFT_ASSET_SYMBOL_EXTENSIONS = YES;
				CLANG_ANALYZER_NONNULL = YES;
				CLANG_ANALYZER_NUMBER_OBJECT_CONVERSION = YES_AGGRESSIVE;
				CLANG_CXX_LANGUAGE_STANDARD = "gnu++20";
				CLANG_ENABLE_MODULES = YES;
				CLANG_ENABLE_OBJC_ARC = YES;
				CLANG_ENABLE_OBJC_WEAK = YES;
				CLANG_WARN_BLOCK_CAPTURE_AUTORELEASING = YES;
				CLANG_WARN_BOOL_CONVERSION = YES;
				CLANG_WARN_COMMA = YES;
				CLANG_WARN_CONSTANT_CONVERSION = YES;
				CLANG_WARN_DEPRECATED_OBJC_IMPLEMENTATIONS = YES;
				CLANG_WARN_DIRECT_OBJC_ISA_USAGE = YES_ERROR;
				CLANG_WARN_DOCUMENTATION_COMMENTS = YES;
				CLANG_WARN_EMPTY_BODY = YES;
				CLANG_WARN_ENUM_CONVERSION = YES;
				CLANG_WARN_INFINITE_RECURSION = YES;
				CLANG_WARN_INT_CONVERSION = YES;
				CLANG_WARN_NON_LITERAL_NULL_CONVERSION = YES;
				CLANG_WARN_OBJC_IMPLICIT_RETAIN_SELF = YES;
				CLANG_WARN_OBJC_LITERAL_CONVERSION = YES;
				CLANG_WARN_OBJC_ROOT_CLASS = YES_ERROR;
				CLANG_WARN_QUOTED_INCLUDE_IN_FRAMEWORK_HEADER = YES;
				CLANG_WARN_RANGE_LOOP_ANALYSIS = YES;
				CLANG_WARN_STRICT_PROTOTYPES = YES;
				CLANG_WARN_SUSPICIOUS_MOVE = YES;
				CLANG_WARN_UNGUARDED_AVAILABILITY = YES_AGGRESSIVE;
				CLANG_WARN_UNREACHABLE_CODE = YES;
				CLANG_WARN__DUPLICATE_METHOD_MATCH = YES;
				COPY_PHASE_STRIP = NO;
				DEBUG_INFORMATION_FORMAT = dwarf;
				ENABLE_STRICT_OBJC_MSGSEND = YES;
				ENABLE_TESTABILITY = YES;
				ENABLE_USER_SCRIPT_SANDBOXING = YES;
				GCC_C_LANGUAGE_STANDARD = gnu17;
				GCC_DYNAMIC_NO_PIC = NO;
				GCC_NO_COMMON_BLOCKS = YES;
				GCC_OPTIMIZATION_LEVEL = 0;
				GCC_PREPROCESSOR_DEFINITIONS = (
					"DEBUG=1",
					"$(inherited)",
				);
				GCC_WARN_64_TO_32_BIT_CONVERSION = YES;
				GCC_WARN_ABOUT_RETURN_TYPE = YES_ERROR;
				GCC_WARN_UNDECLARED_SELECTOR = YES;
				GCC_WARN_UNINITIALIZED_AUTOS = YES_AGGRESSIVE;
				GCC_WARN_UNUSED_FUNCTION = YES;
				GCC_WARN_UNUSED_VARIABLE = YES;
				IPHONEOS_DEPLOYMENT_TARGET = 17.4;
				LOCALIZATION_PREFERS_STRING_CATALOGS = YES;
				MTL_ENABLE_DEBUG_INFO = INCLUDE_SOURCE;
				MTL_FAST_MATH = YES;
				ONLY_ACTIVE_ARCH = YES;
				SDKROOT = iphoneos;
				SWIFT_ACTIVE_COMPILATION_CONDITIONS = "DEBUG $(inherited)";
				SWIFT_OPTIMIZATION_LEVEL = "-Onone";
			};
			name = Debug;
		};
		7888D6202BD3410F00CFEC74 /* Release */ = {
			isa = XCBuildConfiguration;
			buildSettings = {
				ALWAYS_SEARCH_USER_PATHS = NO;
				ASSETCATALOG_COMPILER_GENERATE_SWIFT_ASSET_SYMBOL_EXTENSIONS = YES;
				CLANG_ANALYZER_NONNULL = YES;
				CLANG_ANALYZER_NUMBER_OBJECT_CONVERSION = YES_AGGRESSIVE;
				CLANG_CXX_LANGUAGE_STANDARD = "gnu++20";
				CLANG_ENABLE_MODULES = YES;
				CLANG_ENABLE_OBJC_ARC = YES;
				CLANG_ENABLE_OBJC_WEAK = YES;
				CLANG_WARN_BLOCK_CAPTURE_AUTORELEASING = YES;
				CLANG_WARN_BOOL_CONVERSION = YES;
				CLANG_WARN_COMMA = YES;
				CLANG_WARN_CONSTANT_CONVERSION = YES;
				CLANG_WARN_DEPRECATED_OBJC_IMPLEMENTATIONS = YES;
				CLANG_WARN_DIRECT_OBJC_ISA_USAGE = YES_ERROR;
				CLANG_WARN_DOCUMENTATION_COMMENTS = YES;
				CLANG_WARN_EMPTY_BODY = YES;
				CLANG_WARN_ENUM_CONVERSION = YES;
				CLANG_WARN_INFINITE_RECURSION = YES;
				CLANG_WARN_INT_CONVERSION = YES;
				CLANG_WARN_NON_LITERAL_NULL_CONVERSION = YES;
				CLANG_WARN_OBJC_IMPLICIT_RETAIN_SELF = YES;
				CLANG_WARN_OBJC_LITERAL_CONVERSION = YES;
				CLANG_WARN_OBJC_ROOT_CLASS = YES_ERROR;
				CLANG_WARN_QUOTED_INCLUDE_IN_FRAMEWORK_HEADER = YES;
				CLANG_WARN_RANGE_LOOP_ANALYSIS = YES;
				CLANG_WARN_STRICT_PROTOTYPES = YES;
				CLANG_WARN_SUSPICIOUS_MOVE = YES;
				CLANG_WARN_UNGUARDED_AVAILABILITY = YES_AGGRESSIVE;
				CLANG_WARN_UNREACHABLE_CODE = YES;
				CLANG_WARN__DUPLICATE_METHOD_MATCH = YES;
				COPY_PHASE_STRIP = NO;
				DEBUG_INFORMATION_FORMAT = "dwarf-with-dsym";
				ENABLE_NS_ASSERTIONS = NO;
				ENABLE_STRICT_OBJC_MSGSEND = YES;
				ENABLE_USER_SCRIPT_SANDBOXING = YES;
				GCC_C_LANGUAGE_STANDARD = gnu17;
				GCC_NO_COMMON_BLOCKS = YES;
				GCC_WARN_64_TO_32_BIT_CONVERSION = YES;
				GCC_WARN_ABOUT_RETURN_TYPE = YES_ERROR;
				GCC_WARN_UNDECLARED_SELECTOR = YES;
				GCC_WARN_UNINITIALIZED_AUTOS = YES_AGGRESSIVE;
				GCC_WARN_UNUSED_FUNCTION = YES;
				GCC_WARN_UNUSED_VARIABLE = YES;
				IPHONEOS_DEPLOYMENT_TARGET = 17.4;
				LOCALIZATION_PREFERS_STRING_CATALOGS = YES;
				MTL_ENABLE_DEBUG_INFO = NO;
				MTL_FAST_MATH = YES;
				SDKROOT = iphoneos;
				SWIFT_COMPILATION_MODE = wholemodule;
				VALIDATE_PRODUCT = YES;
			};
			name = Release;
		};
		7888D6222BD3410F00CFEC74 /* Debug */ = {
			isa = XCBuildConfiguration;
			buildSettings = {
				ASSETCATALOG_COMPILER_APPICON_NAME = AppIcon;
				ASSETCATALOG_COMPILER_GLOBAL_ACCENT_COLOR_NAME = AccentColor;
				CODE_SIGN_STYLE = Automatic;
				CURRENT_PROJECT_VERSION = 1;
				DEVELOPMENT_ASSET_PATHS = "\"WoofyAlarm/Preview Content\"";
				DEVELOPMENT_TEAM = 8MMCMYL237;
				ENABLE_PREVIEWS = YES;
				GENERATE_INFOPLIST_FILE = YES;
				INFOPLIST_KEY_UIApplicationSceneManifest_Generation = YES;
				INFOPLIST_KEY_UIApplicationSupportsIndirectInputEvents = YES;
				INFOPLIST_KEY_UILaunchScreen_Generation = YES;
				INFOPLIST_KEY_UISupportedInterfaceOrientations_iPad = "UIInterfaceOrientationPortrait UIInterfaceOrientationPortraitUpsideDown UIInterfaceOrientationLandscapeLeft UIInterfaceOrientationLandscapeRight";
				INFOPLIST_KEY_UISupportedInterfaceOrientations_iPhone = "UIInterfaceOrientationPortrait UIInterfaceOrientationLandscapeLeft UIInterfaceOrientationLandscapeRight";
				LD_RUNPATH_SEARCH_PATHS = (
					"$(inherited)",
					"@executable_path/Frameworks",
				);
				MARKETING_VERSION = 1.0;
				PRODUCT_BUNDLE_IDENTIFIER = com.GuySteinberg.WoofyAlarm;
				PRODUCT_NAME = "$(TARGET_NAME)";
				SWIFT_EMIT_LOC_STRINGS = YES;
				SWIFT_VERSION = 5.0;
				TARGETED_DEVICE_FAMILY = "1,2";
			};
			name = Debug;
		};
		7888D6232BD3410F00CFEC74 /* Release */ = {
			isa = XCBuildConfiguration;
			buildSettings = {
				ASSETCATALOG_COMPILER_APPICON_NAME = AppIcon;
				ASSETCATALOG_COMPILER_GLOBAL_ACCENT_COLOR_NAME = AccentColor;
				CODE_SIGN_STYLE = Automatic;
				CURRENT_PROJECT_VERSION = 1;
				DEVELOPMENT_ASSET_PATHS = "\"WoofyAlarm/Preview Content\"";
				DEVELOPMENT_TEAM = 8MMCMYL237;
				ENABLE_PREVIEWS = YES;
				GENERATE_INFOPLIST_FILE = YES;
				INFOPLIST_KEY_UIApplicationSceneManifest_Generation = YES;
				INFOPLIST_KEY_UIApplicationSupportsIndirectInputEvents = YES;
				INFOPLIST_KEY_UILaunchScreen_Generation = YES;
				INFOPLIST_KEY_UISupportedInterfaceOrientations_iPad = "UIInterfaceOrientationPortrait UIInterfaceOrientationPortraitUpsideDown UIInterfaceOrientationLandscapeLeft UIInterfaceOrientationLandscapeRight";
				INFOPLIST_KEY_UISupportedInterfaceOrientations_iPhone = "UIInterfaceOrientationPortrait UIInterfaceOrientationLandscapeLeft UIInterfaceOrientationLandscapeRight";
				LD_RUNPATH_SEARCH_PATHS = (
					"$(inherited)",
					"@executable_path/Frameworks",
				);
				MARKETING_VERSION = 1.0;
				PRODUCT_BUNDLE_IDENTIFIER = com.GuySteinberg.WoofyAlarm;
				PRODUCT_NAME = "$(TARGET_NAME)";
				SWIFT_EMIT_LOC_STRINGS = YES;
				SWIFT_VERSION = 5.0;
				TARGETED_DEVICE_FAMILY = "1,2";
			};
			name = Release;
		};
/* End XCBuildConfiguration section */

/* Begin XCConfigurationList section */
		7888D60E2BD3410D00CFEC74 /* Build configuration list for PBXProject "WoofyAlarm" */ = {
			isa = XCConfigurationList;
			buildConfigurations = (
				7888D61F2BD3410F00CFEC74 /* Debug */,
				7888D6202BD3410F00CFEC74 /* Release */,
			);
			defaultConfigurationIsVisible = 0;
			defaultConfigurationName = Release;
		};
		7888D6212BD3410F00CFEC74 /* Build configuration list for PBXNativeTarget "WoofyAlarm" */ = {
			isa = XCConfigurationList;
			buildConfigurations = (
				7888D6222BD3410F00CFEC74 /* Debug */,
				7888D6232BD3410F00CFEC74 /* Release */,
			);
			defaultConfigurationIsVisible = 0;
			defaultConfigurationName = Release;
		};
/* End XCConfigurationList section */
	};
	rootObject = 7888D60B2BD3410D00CFEC74 /* Project object */;
}
